
Microsoft Visual Studio Solution File, Format Version 12.00
# Visual Studio 2015
Project("{FAE04EC0-301F-11D3-BF4B-00C04F79EFBC}") = "CityBuilder", "CityBuilder.csproj", "{AE8FD48D-676F-57F0-DF8A-F9216EB483DA}"
EndProject
Global
	GlobalSection(SolutionConfigurationPlatforms) = preSolution
		Debug|Any CPU = Debug|Any CPU
		Release|Any CPU = Release|Any CPU
	EndGlobalSection
	GlobalSection(ProjectConfigurationPlatforms) = postSolution
		{AE8FD48D-676F-57F0-DF8A-F9216EB483DA}.Debug|Any CPU.ActiveCfg = Debug|Any CPU
		{AE8FD48D-676F-57F0-DF8A-F9216EB483DA}.Debug|Any CPU.Build.0 = Debug|Any CPU
		{AE8FD48D-676F-57F0-DF8A-F9216EB483DA}.Release|Any CPU.ActiveCfg = Release|Any CPU
		{AE8FD48D-676F-57F0-DF8A-F9216EB483DA}.Release|Any CPU.Build.0 = Release|Any CPU
	EndGlobalSection
	GlobalSection(SolutionProperties) = preSolution
		HideSolutionNode = FALSE
	EndGlobalSection
EndGlobal
